
Microsoft Visual Studio Solution File, Format Version 12.00
# Visual Studio Version 16
VisualStudioVersion = 16.0.28803.202
MinimumVisualStudioVersion = 10.0.40219.1
Project("{FAE04EC0-301F-11D3-BF4B-00C04F79EFBC}") = "EntityPlay", "EntityPlay\EntityPlay.csproj", "{89EA030D-2528-4F5F-9552-E2668BBF5EC8}"
EndProject
Global
	GlobalSection(SolutionConfigurationPlatforms) = preSolution
		Debug|Any CPU = Debug|Any CPU
		Release|Any CPU = Release|Any CPU
	EndGlobalSection
	GlobalSection(ProjectConfigurationPlatforms) = postSolution
		{89EA030D-2528-4F5F-9552-E2668BBF5EC8}.Debug|Any CPU.ActiveCfg = Debug|Any CPU
		{89EA030D-2528-4F5F-9552-E2668BBF5EC8}.Debug|Any CPU.Build.0 = Debug|Any CPU
		{89EA030D-2528-4F5F-9552-E2668BBF5EC8}.Release|Any CPU.ActiveCfg = Release|Any CPU
		{89EA030D-2528-4F5F-9552-E2668BBF5EC8}.Release|Any CPU.Build.0 = Release|Any CPU
	EndGlobalSection
	GlobalSection(SolutionProperties) = preSolution
		HideSolutionNode = FALSE
	EndGlobalSection
	GlobalSection(ExtensibilityGlobals) = postSolution
		SolutionGuid = {CDFF6236-1C7A-487A-9422-2AC30EC59CDA}
	EndGlobalSection
EndGlobal
